
Microsoft Visual Studio Solution File, Format Version 12.00
# Visual Studio Version 17
VisualStudioVersion = 17.0.32014.148
MinimumVisualStudioVersion = 10.0.40219.1
Project("{FAE04EC0-301F-11D3-BF4B-00C04F79EFBC}") = "EyeMedia", "EyeMedia\EyeMedia.csproj", "{0D20DD45-7DA5-47EF-850A-E361F1AC1C8F}"
EndProject
Global
	GlobalSection(SolutionConfigurationPlatforms) = preSolution
		Debug|Any CPU = Debug|Any CPU
		Release|Any CPU = Release|Any CPU
	EndGlobalSection
	GlobalSection(ProjectConfigurationPlatforms) = postSolution
		{0D20DD45-7DA5-47EF-850A-E361F1AC1C8F}.Debug|Any CPU.ActiveCfg = Debug|Any CPU
		{0D20DD45-7DA5-47EF-850A-E361F1AC1C8F}.Debug|Any CPU.Build.0 = Debug|Any CPU
		{0D20DD45-7DA5-47EF-850A-E361F1AC1C8F}.Release|Any CPU.ActiveCfg = Release|Any CPU
		{0D20DD45-7DA5-47EF-850A-E361F1AC1C8F}.Release|Any CPU.Build.0 = Release|Any CPU
	EndGlobalSection
	GlobalSection(SolutionProperties) = preSolution
		HideSolutionNode = FALSE
	EndGlobalSection
	GlobalSection(ExtensibilityGlobals) = postSolution
		SolutionGuid = {FADBEFF2-5F67-4455-8A1C-B5006920FD45}
	EndGlobalSection
EndGlobal
